# THIS IS AN AUTOGENERATED FILE. DO NOT EDIT THIS FILE DIRECTLY.
# yarn lockfile v1


"@types/chrome@^0.0.48":
  version "0.0.48"
  resolved "https://registry.yarnpkg.com/@types/chrome/-/chrome-0.0.48.tgz#e18db15773cfc32121bcfd116a09724ff303261f"
  dependencies:
    "@types/filesystem" "*"

"@types/filesystem@*":
  version "0.0.28"
  resolved "https://registry.yarnpkg.com/@types/filesystem/-/filesystem-0.0.28.tgz#3fd7735830f2c7413cb5ac45780bc45904697b0e"
  dependencies:
    "@types/filewriter" "*"

"@types/filewriter@*":
  version "0.0.28"
  resolved "https://registry.yarnpkg.com/@types/filewriter/-/filewriter-0.0.28.tgz#c054e8af4d9dd75db4e63abc76f885168714d4b3"

typescript@^2.5.2:
  version "2.5.2"
  resolved "https://registry.yarnpkg.com/typescript/-/typescript-2.5.2.tgz#038a95f7d9bbb420b1bf35ba31d4c5c1dd3ffe34"
